// !$*UTF8*$!
{
	archiveVersion = 1;
	classes = {
	};
	objectVersion = 56;
	objects = {

/* Begin PBXBuildFile section */
		8BE17F552C59982100672844 /* BulletinBoardApp.swift in Sources */ = {isa = PBXBuildFile; fileRef = 8BE17F542C59982100672844 /* BulletinBoardApp.swift */; };
		8BE17F572C59982100672844 /* ContentView.swift in Sources */ = {isa = PBXBuildFile; fileRef = 8BE17F562C59982100672844 /* ContentView.swift */; };
		8BE17F592C59982100672844 /* Item.swift in Sources */ = {isa = PBXBuildFile; fileRef = 8BE17F582C59982100672844 /* Item.swift */; };
		8BE17F5B2C59982100672844 /* Assets.xcassets in Resources */ = {isa = PBXBuildFile; fileRef = 8BE17F5A2C59982100672844 /* Assets.xcassets */; };
		8BE17F5F2C59982100672844 /* Preview Assets.xcassets in Resources */ = {isa = PBXBuildFile; fileRef = 8BE17F5E2C59982100672844 /* Preview Assets.xcassets */; };
		8BE17F692C59982100672844 /* BulletinBoardTests.swift in Sources */ = {isa = PBXBuildFile; fileRef = 8BE17F682C59982100672844 /* BulletinBoardTests.swift */; };
		8BE17F732C59982100672844 /* BulletinBoardUITests.swift in Sources */ = {isa = PBXBuildFile; fileRef = 8BE17F722C59982100672844 /* BulletinBoardUITests.swift */; };
		8BE17F752C59982100672844 /* BulletinBoardUITestsLaunchTests.swift in Sources */ = {isa = PBXBuildFile; fileRef = 8BE17F742C59982100672844 /* BulletinBoardUITestsLaunchTests.swift */; };
/* End PBXBuildFile section */

/* Begin PBXContainerItemProxy section */
		8BE17F652C59982100672844 /* PBXContainerItemProxy */ = {
			isa = PBXContainerItemProxy;
			containerPortal = 8BE17F492C59982100672844 /* Project object */;
			proxyType = 1;
			remoteGlobalIDString = 8BE17F502C59982100672844;
			remoteInfo = BulletinBoard;
		};
		8BE17F6F2C59982100672844 /* PBXContainerItemProxy */ = {
			isa = PBXContainerItemProxy;
			containerPortal = 8BE17F492C59982100672844 /* Project object */;
			proxyType = 1;
			remoteGlobalIDString = 8BE17F502C59982100672844;
			remoteInfo = BulletinBoard;
		};
/* End PBXContainerItemProxy section */

/* Begin PBXFileReference section */
		8BE17F512C59982100672844 /* BulletinBoard.app */ = {isa = PBXFileReference; explicitFileType = wrapper.application; includeInIndex = 0; path = BulletinBoard.app; sourceTree = BUILT_PRODUCTS_DIR; };
		8BE17F542C59982100672844 /* BulletinBoardApp.swift */ = {isa = PBXFileReference; lastKnownFileType = sourcecode.swift; path = BulletinBoardApp.swift; sourceTree = "<group>"; };
		8BE17F562C59982100672844 /* ContentView.swift */ = {isa = PBXFileReference; lastKnownFileType = sourcecode.swift; path = ContentView.swift; sourceTree = "<group>"; };
		8BE17F582C59982100672844 /* Item.swift */ = {isa = PBXFileReference; lastKnownFileType = sourcecode.swift; path = Item.swift; sourceTree = "<group>"; };
		8BE17F5A2C59982100672844 /* Assets.xcassets */ = {isa = PBXFileReference; lastKnownFileType = folder.assetcatalog; path = Assets.xcassets; sourceTree = "<group>"; };
		8BE17F5C2C59982100672844 /* BulletinBoard.entitlements */ = {isa = PBXFileReference; lastKnownFileType = text.plist.entitlements; path = BulletinBoard.entitlements; sourceTree = "<group>"; };
		8BE17F5E2C59982100672844 /* Preview Assets.xcassets */ = {isa = PBXFileReference; lastKnownFileType = folder.assetcatalog; path = "Preview Assets.xcassets"; sourceTree = "<group>"; };
		8BE17F642C59982100672844 /* BulletinBoardTests.xctest */ = {isa = PBXFileReference; explicitFileType = wrapper.cfbundle; includeInIndex = 0; path = BulletinBoardTests.xctest; sourceTree = BUILT_PRODUCTS_DIR; };
		8BE17F682C59982100672844 /* BulletinBoardTests.swift */ = {isa = PBXFileReference; lastKnownFileType = sourcecode.swift; path = BulletinBoardTests.swift; sourceTree = "<group>"; };
		8BE17F6E2C59982100672844 /* BulletinBoardUITests.xctest */ = {isa = PBXFileReference; explicitFileType = wrapper.cfbundle; includeInIndex = 0; path = BulletinBoardUITests.xctest; sourceTree = BUILT_PRODUCTS_DIR; };
		8BE17F722C59982100672844 /* BulletinBoardUITests.swift */ = {isa = PBXFileReference; lastKnownFileType = sourcecode.swift; path = BulletinBoardUITests.swift; sourceTree = "<group>"; };
		8BE17F742C59982100672844 /* BulletinBoardUITestsLaunchTests.swift */ = {isa = PBXFileReference; lastKnownFileType = sourcecode.swift; path = BulletinBoardUITestsLaunchTests.swift; sourceTree = "<group>"; };
/* End PBXFileReference section */

/* Begin PBXFrameworksBuildPhase section */
		8BE17F4E2C59982100672844 /* Frameworks */ = {
			isa = PBXFrameworksBuildPhase;
			buildActionMask = 2147483647;
			files = (
			);
			runOnlyForDeploymentPostprocessing = 0;
		};
		8BE17F612C59982100672844 /* Frameworks */ = {
			isa = PBXFrameworksBuildPhase;
			buildActionMask = 2147483647;
			files = (
			);
			runOnlyForDeploymentPostprocessing = 0;
		};
		8BE17F6B2C59982100672844 /* Frameworks */ = {
			isa = PBXFrameworksBuildPhase;
			buildActionMask = 2147483647;
			files = (
			);
			runOnlyForDeploymentPostprocessing = 0;
		};
/* End PBXFrameworksBuildPhase section */

/* Begin PBXGroup section */
		8BE17F482C59982100672844 = {
			isa = PBXGroup;
			children = (
				8BE17F532C59982100672844 /* BulletinBoard */,
				8BE17F672C59982100672844 /* BulletinBoardTests */,
				8BE17F712C59982100672844 /* BulletinBoardUITests */,
				8BE17F522C59982100672844 /* Products */,
			);
			sourceTree = "<group>";
		};
		8BE17F522C59982100672844 /* Products */ = {
			isa = PBXGroup;
			children = (
				8BE17F512C59982100672844 /* BulletinBoard.app */,
				8BE17F642C59982100672844 /* BulletinBoardTests.xctest */,
				8BE17F6E2C59982100672844 /* BulletinBoardUITests.xctest */,
			);
			name = Products;
			sourceTree = "<group>";
		};
		8BE17F532C59982100672844 /* BulletinBoard */ = {
			isa = PBXGroup;
			children = (
				8BE17F542C59982100672844 /* BulletinBoardApp.swift */,
				8BE17F562C59982100672844 /* ContentView.swift */,
				8BE17F582C59982100672844 /* Item.swift */,
				8BE17F5A2C59982100672844 /* Assets.xcassets */,
				8BE17F5C2C59982100672844 /* BulletinBoard.entitlements */,
				8BE17F5D2C59982100672844 /* Preview Content */,
			);
			path = BulletinBoard;
			sourceTree = "<group>";
		};
		8BE17F5D2C59982100672844 /* Preview Content */ = {
			isa = PBXGroup;
			children = (
				8BE17F5E2C59982100672844 /* Preview Assets.xcassets */,
			);
			path = "Preview Content";
			sourceTree = "<group>";
		};
		8BE17F672C59982100672844 /* BulletinBoardTests */ = {
			isa = PBXGroup;
			children = (
				8BE17F682C59982100672844 /* BulletinBoardTests.swift */,
			);
			path = BulletinBoardTests;
			sourceTree = "<group>";
		};
		8BE17F712C59982100672844 /* BulletinBoardUITests */ = {
			isa = PBXGroup;
			children = (
				8BE17F722C59982100672844 /* BulletinBoardUITests.swift */,
				8BE17F742C59982100672844 /* BulletinBoardUITestsLaunchTests.swift */,
			);
			path = BulletinBoardUITests;
			sourceTree = "<group>";
		};
/* End PBXGroup section */

/* Begin PBXNativeTarget section */
		8BE17F502C59982100672844 /* BulletinBoard */ = {
			isa = PBXNativeTarget;
			buildConfigurationList = 8BE17F782C59982100672844 /* Build configuration list for PBXNativeTarget "BulletinBoard" */;
			buildPhases = (
				8BE17F4D2C59982100672844 /* Sources */,
				8BE17F4E2C59982100672844 /* Frameworks */,
				8BE17F4F2C59982100672844 /* Resources */,
			);
			buildRules = (
			);
			dependencies = (
			);
			name = BulletinBoard;
			productName = BulletinBoard;
			productReference = 8BE17F512C59982100672844 /* BulletinBoard.app */;
			productType = "com.apple.product-type.application";
		};
		8BE17F632C59982100672844 /* BulletinBoardTests */ = {
			isa = PBXNativeTarget;
			buildConfigurationList = 8BE17F7B2C59982100672844 /* Build configuration list for PBXNativeTarget "BulletinBoardTests" */;
			buildPhases = (
				8BE17F602C59982100672844 /* Sources */,
				8BE17F612C59982100672844 /* Frameworks */,
				8BE17F622C59982100672844 /* Resources */,
			);
			buildRules = (
			);
			dependencies = (
				8BE17F662C59982100672844 /* PBXTargetDependency */,
			);
			name = BulletinBoardTests;
			productName = BulletinBoardTests;
			productReference = 8BE17F642C59982100672844 /* BulletinBoardTests.xctest */;
			productType = "com.apple.product-type.bundle.unit-test";
		};
		8BE17F6D2C59982100672844 /* BulletinBoardUITests */ = {
			isa = PBXNativeTarget;
			buildConfigurationList = 8BE17F7E2C59982100672844 /* Build configuration list for PBXNativeTarget "BulletinBoardUITests" */;
			buildPhases = (
				8BE17F6A2C59982100672844 /* Sources */,
				8BE17F6B2C59982100672844 /* Frameworks */,
				8BE17F6C2C59982100672844 /* Resources */,
			);
			buildRules = (
			);
			dependencies = (
				8BE17F702C59982100672844 /* PBXTargetDependency */,
			);
			name = BulletinBoardUITests;
			productName = BulletinBoardUITests;
			productReference = 8BE17F6E2C59982100672844 /* BulletinBoardUITests.xctest */;
			productType = "com.apple.product-type.bundle.ui-testing";
		};
/* End PBXNativeTarget section */

/* Begin PBXProject section */
		8BE17F492C59982100672844 /* Project object */ = {
			isa = PBXProject;
			attributes = {
				BuildIndependentTargetsInParallel = 1;
				LastSwiftUpdateCheck = 1540;
				LastUpgradeCheck = 1540;
				TargetAttributes = {
					8BE17F502C59982100672844 = {
						CreatedOnToolsVersion = 15.4;
					};
					8BE17F632C59982100672844 = {
						CreatedOnToolsVersion = 15.4;
						TestTargetID = 8BE17F502C59982100672844;
					};
					8BE17F6D2C59982100672844 = {
						CreatedOnToolsVersion = 15.4;
						TestTargetID = 8BE17F502C59982100672844;
					};
				};
			};
			buildConfigurationList = 8BE17F4C2C59982100672844 /* Build configuration list for PBXProject "BulletinBoard" */;
			compatibilityVersion = "Xcode 14.0";
			developmentRegion = en;
			hasScannedForEncodings = 0;
			knownRegions = (
				en,
				Base,
			);
			mainGroup = 8BE17F482C59982100672844;
			productRefGroup = 8BE17F522C59982100672844 /* Products */;
			projectDirPath = "";
			projectRoot = "";
			targets = (
				8BE17F502C59982100672844 /* BulletinBoard */,
				8BE17F632C59982100672844 /* BulletinBoardTests */,
				8BE17F6D2C59982100672844 /* BulletinBoardUITests */,
			);
		};
/* End PBXProject section */

/* Begin PBXResourcesBuildPhase section */
		8BE17F4F2C59982100672844 /* Resources */ = {
			isa = PBXResourcesBuildPhase;
			buildActionMask = 2147483647;
			files = (
				8BE17F5F2C59982100672844 /* Preview Assets.xcassets in Resources */,
				8BE17F5B2C59982100672844 /* Assets.xcassets in Resources */,
			);
			runOnlyForDeploymentPostprocessing = 0;
		};
		8BE17F622C59982100672844 /* Resources */ = {
			isa = PBXResourcesBuildPhase;
			buildActionMask = 2147483647;
			files = (
			);
			runOnlyForDeploymentPostprocessing = 0;
		};
		8BE17F6C2C59982100672844 /* Resources */ = {
			isa = PBXResourcesBuildPhase;
			buildActionMask = 2147483647;
			files = (
			);
			runOnlyForDeploymentPostprocessing = 0;
		};
/* End PBXResourcesBuildPhase section */

/* Begin PBXSourcesBuildPhase section */
		8BE17F4D2C59982100672844 /* Sources */ = {
			isa = PBXSourcesBuildPhase;
			buildActionMask = 2147483647;
			files = (
				8BE17F572C59982100672844 /* ContentView.swift in Sources */,
				8BE17F592C59982100672844 /* Item.swift in Sources */,
				8BE17F552C59982100672844 /* BulletinBoardApp.swift in Sources */,
			);
			runOnlyForDeploymentPostprocessing = 0;
		};
		8BE17F602C59982100672844 /* Sources */ = {
			isa = PBXSourcesBuildPhase;
			buildActionMask = 2147483647;
			files = (
				8BE17F692C59982100672844 /* BulletinBoardTests.swift in Sources */,
			);
			runOnlyForDeploymentPostprocessing = 0;
		};
		8BE17F6A2C59982100672844 /* Sources */ = {
			isa = PBXSourcesBuildPhase;
			buildActionMask = 2147483647;
			files = (
				8BE17F752C59982100672844 /* BulletinBoardUITestsLaunchTests.swift in Sources */,
				8BE17F732C59982100672844 /* BulletinBoardUITests.swift in Sources */,
			);
			runOnlyForDeploymentPostprocessing = 0;
		};
/* End PBXSourcesBuildPhase section */

/* Begin PBXTargetDependency section */
		8BE17F662C59982100672844 /* PBXTargetDependency */ = {
			isa = PBXTargetDependency;
			target = 8BE17F502C59982100672844 /* BulletinBoard */;
			targetProxy = 8BE17F652C59982100672844 /* PBXContainerItemProxy */;
		};
		8BE17F702C59982100672844 /* PBXTargetDependency */ = {
			isa = PBXTargetDependency;
			target = 8BE17F502C59982100672844 /* BulletinBoard */;
			targetProxy = 8BE17F6F2C59982100672844 /* PBXContainerItemProxy */;
		};
/* End PBXTargetDependency section */

/* Begin XCBuildConfiguration section */
		8BE17F762C59982100672844 /* Debug */ = {
			isa = XCBuildConfiguration;
			buildSettings = {
				ALWAYS_SEARCH_USER_PATHS = NO;
				ASSETCATALOG_COMPILER_GENERATE_SWIFT_ASSET_SYMBOL_EXTENSIONS = YES;
				CLANG_ANALYZER_NONNULL = YES;
				CLANG_ANALYZER_NUMBER_OBJECT_CONVERSION = YES_AGGRESSIVE;
				CLANG_CXX_LANGUAGE_STANDARD = "gnu++20";
				CLANG_ENABLE_MODULES = YES;
				CLANG_ENABLE_OBJC_ARC = YES;
				CLANG_ENABLE_OBJC_WEAK = YES;
				CLANG_WARN_BLOCK_CAPTURE_AUTORELEASING = YES;
				CLANG_WARN_BOOL_CONVERSION = YES;
				CLANG_WARN_COMMA = YES;
				CLANG_WARN_CONSTANT_CONVERSION = YES;
				CLANG_WARN_DEPRECATED_OBJC_IMPLEMENTATIONS = YES;
				CLANG_WARN_DIRECT_OBJC_ISA_USAGE = YES_ERROR;
				CLANG_WARN_DOCUMENTATION_COMMENTS = YES;
				CLANG_WARN_EMPTY_BODY = YES;
				CLANG_WARN_ENUM_CONVERSION = YES;
				CLANG_WARN_INFINITE_RECURSION = YES;
				CLANG_WARN_INT_CONVERSION = YES;
				CLANG_WARN_NON_LITERAL_NULL_CONVERSION = YES;
				CLANG_WARN_OBJC_IMPLICIT_RETAIN_SELF = YES;
				CLANG_WARN_OBJC_LITERAL_CONVERSION = YES;
				CLANG_WARN_OBJC_ROOT_CLASS = YES_ERROR;
				CLANG_WARN_QUOTED_INCLUDE_IN_FRAMEWORK_HEADER = YES;
				CLANG_WARN_RANGE_LOOP_ANALYSIS = YES;
				CLANG_WARN_STRICT_PROTOTYPES = YES;
				CLANG_WARN_SUSPICIOUS_MOVE = YES;
				CLANG_WARN_UNGUARDED_AVAILABILITY = YES_AGGRESSIVE;
				CLANG_WARN_UNREACHABLE_CODE = YES;
				CLANG_WARN__DUPLICATE_METHOD_MATCH = YES;
				COPY_PHASE_STRIP = NO;
				DEBUG_INFORMATION_FORMAT = dwarf;
				ENABLE_STRICT_OBJC_MSGSEND = YES;
				ENABLE_TESTABILITY = YES;
				ENABLE_USER_SCRIPT_SANDBOXING = YES;
				GCC_C_LANGUAGE_STANDARD = gnu17;
				GCC_DYNAMIC_NO_PIC = NO;
				GCC_NO_COMMON_BLOCKS = YES;
				GCC_OPTIMIZATION_LEVEL = 0;
				GCC_PREPROCESSOR_DEFINITIONS = (
					"DEBUG=1",
					"$(inherited)",
				);
				GCC_WARN_64_TO_32_BIT_CONVERSION = YES;
				GCC_WARN_ABOUT_RETURN_TYPE = YES_ERROR;
				GCC_WARN_UNDECLARED_SELECTOR = YES;
				GCC_WARN_UNINITIALIZED_AUTOS = YES_AGGRESSIVE;
				GCC_WARN_UNUSED_FUNCTION = YES;
				GCC_WARN_UNUSED_VARIABLE = YES;
				LOCALIZATION_PREFERS_STRING_CATALOGS = YES;
				MTL_ENABLE_DEBUG_INFO = INCLUDE_SOURCE;
				MTL_FAST_MATH = YES;
				ONLY_ACTIVE_ARCH = YES;
				SWIFT_ACTIVE_COMPILATION_CONDITIONS = "DEBUG $(inherited)";
				SWIFT_OPTIMIZATION_LEVEL = "-Onone";
			};
			name = Debug;
		};
		8BE17F772C59982100672844 /* Release */ = {
			isa = XCBuildConfiguration;
			buildSettings = {
				ALWAYS_SEARCH_USER_PATHS = NO;
				ASSETCATALOG_COMPILER_GENERATE_SWIFT_ASSET_SYMBOL_EXTENSIONS = YES;
				CLANG_ANALYZER_NONNULL = YES;
				CLANG_ANALYZER_NUMBER_OBJECT_CONVERSION = YES_AGGRESSIVE;
				CLANG_CXX_LANGUAGE_STANDARD = "gnu++20";
				CLANG_ENABLE_MODULES = YES;
				CLANG_ENABLE_OBJC_ARC = YES;
				CLANG_ENABLE_OBJC_WEAK = YES;
				CLANG_WARN_BLOCK_CAPTURE_AUTORELEASING = YES;
				CLANG_WARN_BOOL_CONVERSION = YES;
				CLANG_WARN_COMMA = YES;
				CLANG_WARN_CONSTANT_CONVERSION = YES;
				CLANG_WARN_DEPRECATED_OBJC_IMPLEMENTATIONS = YES;
				CLANG_WARN_DIRECT_OBJC_ISA_USAGE = YES_ERROR;
				CLANG_WARN_DOCUMENTATION_COMMENTS = YES;
				CLANG_WARN_EMPTY_BODY = YES;
				CLANG_WARN_ENUM_CONVERSION = YES;
				CLANG_WARN_INFINITE_RECURSION = YES;
				CLANG_WARN_INT_CONVERSION = YES;
				CLANG_WARN_NON_LITERAL_NULL_CONVERSION = YES;
				CLANG_WARN_OBJC_IMPLICIT_RETAIN_SELF = YES;
				CLANG_WARN_OBJC_LITERAL_CONVERSION = YES;
				CLANG_WARN_OBJC_ROOT_CLASS = YES_ERROR;
				CLANG_WARN_QUOTED_INCLUDE_IN_FRAMEWORK_HEADER = YES;
				CLANG_WARN_RANGE_LOOP_ANALYSIS = YES;
				CLANG_WARN_STRICT_PROTOTYPES = YES;
				CLANG_WARN_SUSPICIOUS_MOVE = YES;
				CLANG_WARN_UNGUARDED_AVAILABILITY = YES_AGGRESSIVE;
				CLANG_WARN_UNREACHABLE_CODE = YES;
				CLANG_WARN__DUPLICATE_METHOD_MATCH = YES;
				COPY_PHASE_STRIP = NO;
				DEBUG_INFORMATION_FORMAT = "dwarf-with-dsym";
				ENABLE_NS_ASSERTIONS = NO;
				ENABLE_STRICT_OBJC_MSGSEND = YES;
				ENABLE_USER_SCRIPT_SANDBOXING = YES;
				GCC_C_LANGUAGE_STANDARD = gnu17;
				GCC_NO_COMMON_BLOCKS = YES;
				GCC_WARN_64_TO_32_BIT_CONVERSION = YES;
				GCC_WARN_ABOUT_RETURN_TYPE = YES_ERROR;
				GCC_WARN_UNDECLARED_SELECTOR = YES;
				GCC_WARN_UNINITIALIZED_AUTOS = YES_AGGRESSIVE;
				GCC_WARN_UNUSED_FUNCTION = YES;
				GCC_WARN_UNUSED_VARIABLE = YES;
				LOCALIZATION_PREFERS_STRING_CATALOGS = YES;
				MTL_ENABLE_DEBUG_INFO = NO;
				MTL_FAST_MATH = YES;
				SWIFT_COMPILATION_MODE = wholemodule;
			};
			name = Release;
		};
		8BE17F792C59982100672844 /* Debug */ = {
			isa = XCBuildConfiguration;
			buildSettings = {
				ASSETCATALOG_COMPILER_APPICON_NAME = AppIcon;
				ASSETCATALOG_COMPILER_GLOBAL_ACCENT_COLOR_NAME = AccentColor;
				CODE_SIGN_ENTITLEMENTS = BulletinBoard/BulletinBoard.entitlements;
				CODE_SIGN_STYLE = Automatic;
				CURRENT_PROJECT_VERSION = 1;
				DEVELOPMENT_ASSET_PATHS = "\"BulletinBoard/Preview Content\"";
				DEVELOPMENT_TEAM = HDT29XX2Q2;
				ENABLE_HARDENED_RUNTIME = YES;
				ENABLE_PREVIEWS = YES;
				GENERATE_INFOPLIST_FILE = YES;
				"INFOPLIST_KEY_UIApplicationSceneManifest_Generation[sdk=iphoneos*]" = YES;
				"INFOPLIST_KEY_UIApplicationSceneManifest_Generation[sdk=iphonesimulator*]" = YES;
				"INFOPLIST_KEY_UIApplicationSupportsIndirectInputEvents[sdk=iphoneos*]" = YES;
				"INFOPLIST_KEY_UIApplicationSupportsIndirectInputEvents[sdk=iphonesimulator*]" = YES;
				"INFOPLIST_KEY_UILaunchScreen_Generation[sdk=iphoneos*]" = YES;
				"INFOPLIST_KEY_UILaunchScreen_Generation[sdk=iphonesimulator*]" = YES;
				"INFOPLIST_KEY_UIStatusBarStyle[sdk=iphoneos*]" = UIStatusBarStyleDefault;
				"INFOPLIST_KEY_UIStatusBarStyle[sdk=iphonesimulator*]" = UIStatusBarStyleDefault;
				INFOPLIST_KEY_UISupportedInterfaceOrientations_iPad = "UIInterfaceOrientationPortrait UIInterfaceOrientationPortraitUpsideDown UIInterfaceOrientationLandscapeLeft UIInterfaceOrientationLandscapeRight";
				INFOPLIST_KEY_UISupportedInterfaceOrientations_iPhone = "UIInterfaceOrientationPortrait UIInterfaceOrientationLandscapeLeft UIInterfaceOrientationLandscapeRight";
				IPHONEOS_DEPLOYMENT_TARGET = 17.5;
				LD_RUNPATH_SEARCH_PATHS = "@executable_path/Frameworks";
				"LD_RUNPATH_SEARCH_PATHS[sdk=macosx*]" = "@executable_path/../Frameworks";
				MACOSX_DEPLOYMENT_TARGET = 14.0;
				MARKETING_VERSION = 1.0;
				PRODUCT_BUNDLE_IDENTIFIER = CJProtoType.BulletinBoard;
				PRODUCT_NAME = "$(TARGET_NAME)";
				SDKROOT = auto;
				SUPPORTED_PLATFORMS = "iphoneos iphonesimulator macosx";
				SWIFT_EMIT_LOC_STRINGS = YES;
				SWIFT_VERSION = 5.0;
				TARGETED_DEVICE_FAMILY = "1,2";
			};
			name = Debug;
		};
		8BE17F7A2C59982100672844 /* Release */ = {
			isa = XCBuildConfiguration;
			buildSettings = {
				ASSETCATALOG_COMPILER_APPICON_NAME = AppIcon;
				ASSETCATALOG_COMPILER_GLOBAL_ACCENT_COLOR_NAME = AccentColor;
				CODE_SIGN_ENTITLEMENTS = BulletinBoard/BulletinBoard.entitlements;
				CODE_SIGN_STYLE = Automatic;
				CURRENT_PROJECT_VERSION = 1;
				DEVELOPMENT_ASSET_PATHS = "\"BulletinBoard/Preview Content\"";
				DEVELOPMENT_TEAM = HDT29XX2Q2;
				ENABLE_HARDENED_RUNTIME = YES;
				ENABLE_PREVIEWS = YES;
				GENERATE_INFOPLIST_FILE = YES;
				"INFOPLIST_KEY_UIApplicationSceneManifest_Generation[sdk=iphoneos*]" = YES;
				"INFOPLIST_KEY_UIApplicationSceneManifest_Generation[sdk=iphonesimulator*]" = YES;
				"INFOPLIST_KEY_UIApplicationSupportsIndirectInputEvents[sdk=iphoneos*]" = YES;
				"INFOPLIST_KEY_UIApplicationSupportsIndirectInputEvents[sdk=iphonesimulator*]" = YES;
				"INFOPLIST_KEY_UILaunchScreen_Generation[sdk=iphoneos*]" = YES;
				"INFOPLIST_KEY_UILaunchScreen_Generation[sdk=iphonesimulator*]" = YES;
				"INFOPLIST_KEY_UIStatusBarStyle[sdk=iphoneos*]" = UIStatusBarStyleDefault;
				"INFOPLIST_KEY_UIStatusBarStyle[sdk=iphonesimulator*]" = UIStatusBarStyleDefault;
				INFOPLIST_KEY_UISupportedInterfaceOrientations_iPad = "UIInterfaceOrientationPortrait UIInterfaceOrientationPortraitUpsideDown UIInterfaceOrientationLandscapeLeft UIInterfaceOrientationLandscapeRight";
				INFOPLIST_KEY_UISupportedInterfaceOrientations_iPhone = "UIInterfaceOrientationPortrait UIInterfaceOrientationLandscapeLeft UIInterfaceOrientationLandscapeRight";
				IPHONEOS_DEPLOYMENT_TARGET = 17.5;
				LD_RUNPATH_SEARCH_PATHS = "@executable_path/Frameworks";
				"LD_RUNPATH_SEARCH_PATHS[sdk=macosx*]" = "@executable_path/../Frameworks";
				MACOSX_DEPLOYMENT_TARGET = 14.0;
				MARKETING_VERSION = 1.0;
				PRODUCT_BUNDLE_IDENTIFIER = CJProtoType.BulletinBoard;
				PRODUCT_NAME = "$(TARGET_NAME)";
				SDKROOT = auto;
				SUPPORTED_PLATFORMS = "iphoneos iphonesimulator macosx";
				SWIFT_EMIT_LOC_STRINGS = YES;
				SWIFT_VERSION = 5.0;
				TARGETED_DEVICE_FAMILY = "1,2";
			};
			name = Release;
		};
		8BE17F7C2C59982100672844 /* Debug */ = {
			isa = XCBuildConfiguration;
			buildSettings = {
				ALWAYS_EMBED_SWIFT_STANDARD_LIBRARIES = YES;
				BUNDLE_LOADER = "$(TEST_HOST)";
				CODE_SIGN_STYLE = Automatic;
				CURRENT_PROJECT_VERSION = 1;
				DEVELOPMENT_TEAM = HDT29XX2Q2;
				GENERATE_INFOPLIST_FILE = YES;
				IPHONEOS_DEPLOYMENT_TARGET = 17.5;
				MACOSX_DEPLOYMENT_TARGET = 14.5;
				MARKETING_VERSION = 1.0;
				PRODUCT_BUNDLE_IDENTIFIER = CJProtoType.BulletinBoardTests;
				PRODUCT_NAME = "$(TARGET_NAME)";
				SDKROOT = auto;
				SUPPORTED_PLATFORMS = "iphoneos iphonesimulator macosx";
				SWIFT_EMIT_LOC_STRINGS = NO;
				SWIFT_VERSION = 5.0;
				TARGETED_DEVICE_FAMILY = "1,2";
				TEST_HOST = "$(BUILT_PRODUCTS_DIR)/BulletinBoard.app/$(BUNDLE_EXECUTABLE_FOLDER_PATH)/BulletinBoard";
			};
			name = Debug;
		};
		8BE17F7D2C59982100672844 /* Release */ = {
			isa = XCBuildConfiguration;
			buildSettings = {
				ALWAYS_EMBED_SWIFT_STANDARD_LIBRARIES = YES;
				BUNDLE_LOADER = "$(TEST_HOST)";
				CODE_SIGN_STYLE = Automatic;
				CURRENT_PROJECT_VERSION = 1;
				DEVELOPMENT_TEAM = HDT29XX2Q2;
				GENERATE_INFOPLIST_FILE = YES;
				IPHONEOS_DEPLOYMENT_TARGET = 17.5;
				MACOSX_DEPLOYMENT_TARGET = 14.5;
				MARKETING_VERSION = 1.0;
				PRODUCT_BUNDLE_IDENTIFIER = CJProtoType.BulletinBoardTests;
				PRODUCT_NAME = "$(TARGET_NAME)";
				SDKROOT = auto;
				SUPPORTED_PLATFORMS = "iphoneos iphonesimulator macosx";
				SWIFT_EMIT_LOC_STRINGS = NO;
				SWIFT_VERSION = 5.0;
				TARGETED_DEVICE_FAMILY = "1,2";
				TEST_HOST = "$(BUILT_PRODUCTS_DIR)/BulletinBoard.app/$(BUNDLE_EXECUTABLE_FOLDER_PATH)/BulletinBoard";
			};
			name = Release;
		};
		8BE17F7F2C59982100672844 /* Debug */ = {
			isa = XCBuildConfiguration;
			buildSettings = {
				ALWAYS_EMBED_SWIFT_STANDARD_LIBRARIES = YES;
				CODE_SIGN_STYLE = Automatic;
				CURRENT_PROJECT_VERSION = 1;
				DEVELOPMENT_TEAM = HDT29XX2Q2;
				GENERATE_INFOPLIST_FILE = YES;
				IPHONEOS_DEPLOYMENT_TARGET = 17.5;
				MACOSX_DEPLOYMENT_TARGET = 14.5;
				MARKETING_VERSION = 1.0;
				PRODUCT_BUNDLE_IDENTIFIER = CJProtoType.BulletinBoardUITests;
				PRODUCT_NAME = "$(TARGET_NAME)";
				SDKROOT = auto;
				SUPPORTED_PLATFORMS = "iphoneos iphonesimulator macosx";
				SWIFT_EMIT_LOC_STRINGS = NO;
				SWIFT_VERSION = 5.0;
				TARGETED_DEVICE_FAMILY = "1,2";
				TEST_TARGET_NAME = BulletinBoard;
			};
			name = Debug;
		};
		8BE17F802C59982100672844 /* Release */ = {
			isa = XCBuildConfiguration;
			buildSettings = {
				ALWAYS_EMBED_SWIFT_STANDARD_LIBRARIES = YES;
				CODE_SIGN_STYLE = Automatic;
				CURRENT_PROJECT_VERSION = 1;
				DEVELOPMENT_TEAM = HDT29XX2Q2;
				GENERATE_INFOPLIST_FILE = YES;
				IPHONEOS_DEPLOYMENT_TARGET = 17.5;
				MACOSX_DEPLOYMENT_TARGET = 14.5;
				MARKETING_VERSION = 1.0;
				PRODUCT_BUNDLE_IDENTIFIER = CJProtoType.BulletinBoardUITests;
				PRODUCT_NAME = "$(TARGET_NAME)";
				SDKROOT = auto;
				SUPPORTED_PLATFORMS = "iphoneos iphonesimulator macosx";
				SWIFT_EMIT_LOC_STRINGS = NO;
				SWIFT_VERSION = 5.0;
				TARGETED_DEVICE_FAMILY = "1,2";
				TEST_TARGET_NAME = BulletinBoard;
			};
			name = Release;
		};
/* End XCBuildConfiguration section */

/* Begin XCConfigurationList section */
		8BE17F4C2C59982100672844 /* Build configuration list for PBXProject "BulletinBoard" */ = {
			isa = XCConfigurationList;
			buildConfigurations = (
				8BE17F762C59982100672844 /* Debug */,
				8BE17F772C59982100672844 /* Release */,
			);
			defaultConfigurationIsVisible = 0;
			defaultConfigurationName = Release;
		};
		8BE17F782C59982100672844 /* Build configuration list for PBXNativeTarget "BulletinBoard" */ = {
			isa = XCConfigurationList;
			buildConfigurations = (
				8BE17F792C59982100672844 /* Debug */,
				8BE17F7A2C59982100672844 /* Release */,
			);
			defaultConfigurationIsVisible = 0;
			defaultConfigurationName = Release;
		};
		8BE17F7B2C59982100672844 /* Build configuration list for PBXNativeTarget "BulletinBoardTests" */ = {
			isa = XCConfigurationList;
			buildConfigurations = (
				8BE17F7C2C59982100672844 /* Debug */,
				8BE17F7D2C59982100672844 /* Release */,
			);
			defaultConfigurationIsVisible = 0;
			defaultConfigurationName = Release;
		};
		8BE17F7E2C59982100672844 /* Build configuration list for PBXNativeTarget "BulletinBoardUITests" */ = {
			isa = XCConfigurationList;
			buildConfigurations = (
				8BE17F7F2C59982100672844 /* Debug */,
				8BE17F802C59982100672844 /* Release */,
			);
			defaultConfigurationIsVisible = 0;
			defaultConfigurationName = Release;
		};
/* End XCConfigurationList section */
	};
	rootObject = 8BE17F492C59982100672844 /* Project object */;
}
